
Microsoft Visual Studio Solution File, Format Version 12.00
Project("{2150E333-8FDC-42A3-9474-1A3956D46DE8}") = "1.Intro", "1.Intro", "{DBFBBED5-7305-46E3-A6F7-914352FD9BA0}"
EndProject
Project("{2150E333-8FDC-42A3-9474-1A3956D46DE8}") = "2.GettingStarted", "2.GettingStarted", "{3D90C4A7-05A8-4766-BA03-D918F1D67876}"
EndProject
Project("{2150E333-8FDC-42A3-9474-1A3956D46DE8}") = "3.LetsBuild", "3.LetsBuild", "{EEFF61C7-DC09-4298-BC94-CF07DFB7CCC5}"
EndProject
Project("{2150E333-8FDC-42A3-9474-1A3956D46DE8}") = "4.Extending", "4.Extending", "{7360717A-6603-4773-A662-CF27B89385D6}"
EndProject
Project("{2150E333-8FDC-42A3-9474-1A3956D46DE8}") = "5.Structuring", "5.Structuring", "{A1869CCB-C776-469C-88AC-FBE0AE13F5DB}"
EndProject
Project("{2150E333-8FDC-42A3-9474-1A3956D46DE8}") = "6.Testing", "6.Testing", "{0BCDD50F-3AE3-4D03-950C-40A6B01E22B0}"
EndProject
Project("{2150E333-8FDC-42A3-9474-1A3956D46DE8}") = "src", "src", "{BF808E0D-D967-4F35-BCD6-AEE75DF4337B}"
EndProject
Project("{2150E333-8FDC-42A3-9474-1A3956D46DE8}") = "tests", "tests", "{E2D4B924-33C0-4DD0-AC14-112134EB20D1}"
EndProject
Project("{FAE04EC0-301F-11D3-BF4B-00C04F79EFBC}") = "Web.Api", "1.Intro\Web.Api\Web.Api.csproj", "{A720F990-47C2-4CE8-8F59-C1203D32823B}"
EndProject
Project("{FAE04EC0-301F-11D3-BF4B-00C04F79EFBC}") = "Minimal.Api", "1.Intro\Minimal.Api\Minimal.Api.csproj", "{ED4A49C4-EFE8-43DB-A3A8-B7AD1E65AB12}"
EndProject
Project("{FAE04EC0-301F-11D3-BF4B-00C04F79EFBC}") = "Weather.Api", "1.Intro\Weather.Api\Weather.Api.csproj", "{5934FC53-81E8-47C6-A59C-EF5B63360DA6}"
EndProject
Project("{FAE04EC0-301F-11D3-BF4B-00C04F79EFBC}") = "Minimal.Api", "2.GettingStarted\Minimal.Api\Minimal.Api.csproj", "{C92C28D2-A4E8-4EF6-AD30-BB161DEA8B25}"
EndProject
Project("{FAE04EC0-301F-11D3-BF4B-00C04F79EFBC}") = "Library.Api", "3.LetsBuild\Library.Api\Library.Api.csproj", "{CA7325B5-E9A8-4439-9E24-95526D9B6490}"
EndProject
Project("{FAE04EC0-301F-11D3-BF4B-00C04F79EFBC}") = "Library.Api", "4.Extending\Library.Api\Library.Api.csproj", "{D0304905-D98D-43B2-A2B0-CA3F184E5CD1}"
EndProject
Project("{FAE04EC0-301F-11D3-BF4B-00C04F79EFBC}") = "Library.Api", "5.Structuring\Library.Api\Library.Api.csproj", "{EB6B2888-75C9-4BDC-A99B-C408D15CCB5A}"
EndProject
Project("{FAE04EC0-301F-11D3-BF4B-00C04F79EFBC}") = "Library.Api", "6.Testing\src\Library.Api\Library.Api.csproj", "{86CD5FC9-39AA-4838-99AF-8792F1E99749}"
EndProject
Project("{FAE04EC0-301F-11D3-BF4B-00C04F79EFBC}") = "Library.Api.Tests.Integration", "6.Testing\tests\Library.Api.Tests.Integration\Library.Api.Tests.Integration.csproj", "{E32B7622-FB62-418C-A3BF-B31BF7B70058}"
EndProject
Global
	GlobalSection(SolutionConfigurationPlatforms) = preSolution
		Debug|Any CPU = Debug|Any CPU
		Release|Any CPU = Release|Any CPU
	EndGlobalSection
	GlobalSection(NestedProjects) = preSolution
		{BF808E0D-D967-4F35-BCD6-AEE75DF4337B} = {0BCDD50F-3AE3-4D03-950C-40A6B01E22B0}
		{E2D4B924-33C0-4DD0-AC14-112134EB20D1} = {0BCDD50F-3AE3-4D03-950C-40A6B01E22B0}
		{A720F990-47C2-4CE8-8F59-C1203D32823B} = {DBFBBED5-7305-46E3-A6F7-914352FD9BA0}
		{ED4A49C4-EFE8-43DB-A3A8-B7AD1E65AB12} = {DBFBBED5-7305-46E3-A6F7-914352FD9BA0}
		{5934FC53-81E8-47C6-A59C-EF5B63360DA6} = {DBFBBED5-7305-46E3-A6F7-914352FD9BA0}
		{C92C28D2-A4E8-4EF6-AD30-BB161DEA8B25} = {3D90C4A7-05A8-4766-BA03-D918F1D67876}
		{CA7325B5-E9A8-4439-9E24-95526D9B6490} = {EEFF61C7-DC09-4298-BC94-CF07DFB7CCC5}
		{D0304905-D98D-43B2-A2B0-CA3F184E5CD1} = {7360717A-6603-4773-A662-CF27B89385D6}
		{EB6B2888-75C9-4BDC-A99B-C408D15CCB5A} = {A1869CCB-C776-469C-88AC-FBE0AE13F5DB}
		{86CD5FC9-39AA-4838-99AF-8792F1E99749} = {BF808E0D-D967-4F35-BCD6-AEE75DF4337B}
		{E32B7622-FB62-418C-A3BF-B31BF7B70058} = {E2D4B924-33C0-4DD0-AC14-112134EB20D1}
	EndGlobalSection
	GlobalSection(ProjectConfigurationPlatforms) = postSolution
		{A720F990-47C2-4CE8-8F59-C1203D32823B}.Debug|Any CPU.ActiveCfg = Debug|Any CPU
		{A720F990-47C2-4CE8-8F59-C1203D32823B}.Debug|Any CPU.Build.0 = Debug|Any CPU
		{A720F990-47C2-4CE8-8F59-C1203D32823B}.Release|Any CPU.ActiveCfg = Release|Any CPU
		{A720F990-47C2-4CE8-8F59-C1203D32823B}.Release|Any CPU.Build.0 = Release|Any CPU
		{ED4A49C4-EFE8-43DB-A3A8-B7AD1E65AB12}.Debug|Any CPU.ActiveCfg = Debug|Any CPU
		{ED4A49C4-EFE8-43DB-A3A8-B7AD1E65AB12}.Debug|Any CPU.Build.0 = Debug|Any CPU
		{ED4A49C4-EFE8-43DB-A3A8-B7AD1E65AB12}.Release|Any CPU.ActiveCfg = Release|Any CPU
		{ED4A49C4-EFE8-43DB-A3A8-B7AD1E65AB12}.Release|Any CPU.Build.0 = Release|Any CPU
		{5934FC53-81E8-47C6-A59C-EF5B63360DA6}.Debug|Any CPU.ActiveCfg = Debug|Any CPU
		{5934FC53-81E8-47C6-A59C-EF5B63360DA6}.Debug|Any CPU.Build.0 = Debug|Any CPU
		{5934FC53-81E8-47C6-A59C-EF5B63360DA6}.Release|Any CPU.ActiveCfg = Release|Any CPU
		{5934FC53-81E8-47C6-A59C-EF5B63360DA6}.Release|Any CPU.Build.0 = Release|Any CPU
		{C92C28D2-A4E8-4EF6-AD30-BB161DEA8B25}.Debug|Any CPU.ActiveCfg = Debug|Any CPU
		{C92C28D2-A4E8-4EF6-AD30-BB161DEA8B25}.Debug|Any CPU.Build.0 = Debug|Any CPU
		{C92C28D2-A4E8-4EF6-AD30-BB161DEA8B25}.Release|Any CPU.ActiveCfg = Release|Any CPU
		{C92C28D2-A4E8-4EF6-AD30-BB161DEA8B25}.Release|Any CPU.Build.0 = Release|Any CPU
		{CA7325B5-E9A8-4439-9E24-95526D9B6490}.Debug|Any CPU.ActiveCfg = Debug|Any CPU
		{CA7325B5-E9A8-4439-9E24-95526D9B6490}.Debug|Any CPU.Build.0 = Debug|Any CPU
		{CA7325B5-E9A8-4439-9E24-95526D9B6490}.Release|Any CPU.ActiveCfg = Release|Any CPU
		{CA7325B5-E9A8-4439-9E24-95526D9B6490}.Release|Any CPU.Build.0 = Release|Any CPU
		{D0304905-D98D-43B2-A2B0-CA3F184E5CD1}.Debug|Any CPU.ActiveCfg = Debug|Any CPU
		{D0304905-D98D-43B2-A2B0-CA3F184E5CD1}.Debug|Any CPU.Build.0 = Debug|Any CPU
		{D0304905-D98D-43B2-A2B0-CA3F184E5CD1}.Release|Any CPU.ActiveCfg = Release|Any CPU
		{D0304905-D98D-43B2-A2B0-CA3F184E5CD1}.Release|Any CPU.Build.0 = Release|Any CPU
		{EB6B2888-75C9-4BDC-A99B-C408D15CCB5A}.Debug|Any CPU.ActiveCfg = Debug|Any CPU
		{EB6B2888-75C9-4BDC-A99B-C408D15CCB5A}.Debug|Any CPU.Build.0 = Debug|Any CPU
		{EB6B2888-75C9-4BDC-A99B-C408D15CCB5A}.Release|Any CPU.ActiveCfg = Release|Any CPU
		{EB6B2888-75C9-4BDC-A99B-C408D15CCB5A}.Release|Any CPU.Build.0 = Release|Any CPU
		{86CD5FC9-39AA-4838-99AF-8792F1E99749}.Debug|Any CPU.ActiveCfg = Debug|Any CPU
		{86CD5FC9-39AA-4838-99AF-8792F1E99749}.Debug|Any CPU.Build.0 = Debug|Any CPU
		{86CD5FC9-39AA-4838-99AF-8792F1E99749}.Release|Any CPU.ActiveCfg = Release|Any CPU
		{86CD5FC9-39AA-4838-99AF-8792F1E99749}.Release|Any CPU.Build.0 = Release|Any CPU
		{E32B7622-FB62-418C-A3BF-B31BF7B70058}.Debug|Any CPU.ActiveCfg = Debug|Any CPU
		{E32B7622-FB62-418C-A3BF-B31BF7B70058}.Debug|Any CPU.Build.0 = Debug|Any CPU
		{E32B7622-FB62-418C-A3BF-B31BF7B70058}.Release|Any CPU.ActiveCfg = Release|Any CPU
		{E32B7622-FB62-418C-A3BF-B31BF7B70058}.Release|Any CPU.Build.0 = Release|Any CPU
	EndGlobalSection
EndGlobal
